
Microsoft Visual Studio Solution File, Format Version 12.00
# Visual Studio Version 16
VisualStudioVersion = 16.0.29728.190
MinimumVisualStudioVersion = 10.0.40219.1
Project("{FAE04EC0-301F-11D3-BF4B-00C04F79EFBC}") = "CoreSelfHostedNancy", "CoreSelfHostedNancy.csproj", "{2EB756BD-DFE1-44D1-A34C-ACF499E5A328}"
EndProject
Global
	GlobalSection(SolutionConfigurationPlatforms) = preSolution
		Debug|Any CPU = Debug|Any CPU
		Release|Any CPU = Release|Any CPU
	EndGlobalSection
	GlobalSection(ProjectConfigurationPlatforms) = postSolution
		{2EB756BD-DFE1-44D1-A34C-ACF499E5A328}.Debug|Any CPU.ActiveCfg = Debug|Any CPU
		{2EB756BD-DFE1-44D1-A34C-ACF499E5A328}.Debug|Any CPU.Build.0 = Debug|Any CPU
		{2EB756BD-DFE1-44D1-A34C-ACF499E5A328}.Release|Any CPU.ActiveCfg = Release|Any CPU
		{2EB756BD-DFE1-44D1-A34C-ACF499E5A328}.Release|Any CPU.Build.0 = Release|Any CPU
	EndGlobalSection
	GlobalSection(SolutionProperties) = preSolution
		HideSolutionNode = FALSE
	EndGlobalSection
	GlobalSection(ExtensibilityGlobals) = postSolution
		SolutionGuid = {32370251-F9EF-4002-9E59-984624CB7778}
	EndGlobalSection
EndGlobal
